
Microsoft Visual Studio Solution File, Format Version 12.00
# Visual Studio Version 17
VisualStudioVersion = 17.11.35303.130
MinimumVisualStudioVersion = 10.0.40219.1
Project("{F2A71F9B-5D33-465A-A702-920D77279786}") = "FunctionalParadigm", "FunctionalParadigm.fsproj", "{E14789C9-2BD5-47BB-A96B-4F807D8423F3}"
EndProject
Global
	GlobalSection(SolutionConfigurationPlatforms) = preSolution
		Debug|Any CPU = Debug|Any CPU
		Release|Any CPU = Release|Any CPU
	EndGlobalSection
	GlobalSection(ProjectConfigurationPlatforms) = postSolution
		{E14789C9-2BD5-47BB-A96B-4F807D8423F3}.Debug|Any CPU.ActiveCfg = Debug|Any CPU
		{E14789C9-2BD5-47BB-A96B-4F807D8423F3}.Debug|Any CPU.Build.0 = Debug|Any CPU
		{E14789C9-2BD5-47BB-A96B-4F807D8423F3}.Release|Any CPU.ActiveCfg = Release|Any CPU
		{E14789C9-2BD5-47BB-A96B-4F807D8423F3}.Release|Any CPU.Build.0 = Release|Any CPU
	EndGlobalSection
	GlobalSection(SolutionProperties) = preSolution
		HideSolutionNode = FALSE
	EndGlobalSection
	GlobalSection(ExtensibilityGlobals) = postSolution
		SolutionGuid = {0131A400-3E72-4C2C-B937-BCAEEFC425D0}
	EndGlobalSection
EndGlobal
